# This file is automatically @generated by Cargo.
# It is not intended for manual editing.
version = 3

[[package]]
name = "rukata"
version = "0.1.0"
dependencies = [
 "rukata-puzzles",
 "rukata-settings",
]

[[package]]
name = "rukata-puzzle-data"
version = "0.1.0"

[[package]]
name = "rukata-puzzles"
version = "0.1.0"
dependencies = [
 "rukata-puzzle-data",
]

[[package]]
name = "rukata-settings"
version = "0.1.0"
